SPDX-License-Identifier: CC-BY-SA-4.0 OR BSD-2-Clause
copyrights:
- Copyright (C) 2021 embedded brains GmbH (http://www.embedded-brains.de
enabled-by: true
links:
- role: requirement-refinement
  uid: ../if/group
functional-type: function
rationale: null
references: []
requirement-type: functional
text: |
  While the extracted thread is in the blocked wait state, the thread queue
  flush operation shall unblock the thread.
type: requirement
