SPDX-License-Identifier: CC-BY-SA-4.0 OR BSD-2-Clause
copyrights:
- Copyright (C) 2021 embedded brains GmbH & Co. KG
enabled-by: false
functional-type: function
links:
- role: interface-function
  uid: ../if/imfs-memfile-bytes-per-block
- role: requirement-refinement
  uid: group
rationale: null
references: []
requirement-type: functional
text: |
  The application configuration option shall define the block size for
  in-memory files managed by the IMFS.
type: requirement
