SPDX-License-Identifier: CC-BY-SA-4.0 OR BSD-2-Clause
brief: |
  This header file defines the Newlib-specific interfaces to locks and other
  synchronization objects.
copyrights:
- Copyright (C) 2021 embedded brains GmbH (http://www.embedded-brains.de)
enabled-by: true
index-entries: []
interface-type: header-file
links:
- role: interface-placement
  uid: domain
- role: interface-ingroup
  uid: group
path: sys/lock.h
prefix: ''
type: interface
