SPDX-License-Identifier: CC-BY-SA-4.0 OR BSD-2-Clause
copyrights:
- Copyright (C) 2021 embedded brains GmbH & Co. KG
enabled-by: true
links:
- role: requirement-refinement
  uid: /req/usage-constraints
rationale: null
text: |
  When the request cannot be immediately satisfied and the
  ${../option/if/wait:/name} option is set, the calling task blocks at some
  point during the directive call.
type: constraint
