SPDX-License-Identifier: CC-BY-SA-4.0 OR BSD-2-Clause
copyrights:
- Copyright (C) 2021 embedded brains GmbH (http://www.embedded-brains.de)
enabled-by: true
links:
- role: requirement-refinement
  uid: /req/fatal-error
- role: requirement-refinement
  uid: allocator-mutex
functional-type: function
rationale: null
references: []
requirement-type: functional
text: |
  If obtaining the object allocator mutex would result in a deadlock, then the
  system shall terminate with the ${/score/interr/if/internal-error-core:/name}
  fatal source and the ${/score/interr/if/thread-queue-deadlock:/name} fatal
  code.
type: requirement
